{
  "name": "visual",
  "requires": true,
  "lockfileVersion": 1,
  "dependencies": {
    "@types/d3": {
      "version": "3.5.41",
      "resolved": "https://registry.npmjs.org/@types/d3/-/d3-3.5.41.tgz",
      "integrity": "sha512-dInnr7nSPsofnLggOf70xvsInUjf3tRrE8XmxsioXALWQHkwEWi7RhTBCa9mYmiUDHMtuanSDN/JOW187ChIhw==",
      "dev": true
    },
    "d3": {
      "version": "3.5.17",
      "resolved": "https://registry.npmjs.org/d3/-/d3-3.5.17.tgz",
      "integrity": "sha1-vEZ0gAQ3iyGjYMn8fPUjF5B2L7g=",
      "dev": true
    },
    "powerbi-visuals-utils-dataviewutils": {
      "version": "1.2.0",
      "resolved": "https://registry.npmjs.org/powerbi-visuals-utils-dataviewutils/-/powerbi-visuals-utils-dataviewutils-1.2.0.tgz",
      "integrity": "sha1-WaHJgzVclYoj2ZAYlPZfFXUZMhM="
    }
  }
}
