{
  "name": "visual",
  "requires": true,
  "lockfileVersion": 1,
  "dependencies": {
    "@types/d3": {
      "version": "3.5.41",
      "resolved": "https://registry.npmjs.org/@types/d3/-/d3-3.5.41.tgz",
      "integrity": "sha512-dInnr7nSPsofnLggOf70xvsInUjf3tRrE8XmxsioXALWQHkwEWi7RhTBCa9mYmiUDHMtuanSDN/JOW187ChIhw==",
      "dev": true
    },
    "@types/jquery": {
      "version": "2.0.52",
      "resolved": "https://registry.npmjs.org/@types/jquery/-/jquery-2.0.52.tgz",
      "integrity": "sha512-UJ3xu1c0WQLk7ZV7iO3RNduVOz0WK1PWUHY/LlmYTnln60hoUEGWPZ/9YzRRMIO6MDGMAs9hpDe7dR7aXQy/Vw==",
      "dev": true
    },
    "d3": {
      "version": "3.5.17",
      "resolved": "https://registry.npmjs.org/d3/-/d3-3.5.17.tgz",
      "integrity": "sha1-vEZ0gAQ3iyGjYMn8fPUjF5B2L7g=",
      "dev": true
    },
    "globalize": {
      "version": "0.1.0-a2",
      "resolved": "https://registry.npmjs.org/globalize/-/globalize-0.1.0a2.tgz",
      "integrity": "sha1-fyizguvv2boMs9gDY1+7pkqH8pQ="
    },
    "jquery": {
      "version": "3.3.1",
      "resolved": "https://registry.npmjs.org/jquery/-/jquery-3.3.1.tgz",
      "integrity": "sha512-Ubldcmxp5np52/ENotGxlLe6aGMvmF4R8S6tZjsP6Knsaxd/xp3Zrh50cG93lR6nPXyUFwzN3ZSOQI0wRJNdGg==",
      "dev": true
    },
    "lodash": {
      "version": "4.16.2",
      "resolved": "https://registry.npmjs.org/lodash/-/lodash-4.16.2.tgz",
      "integrity": "sha1-PmJtuCcEimmSgaihJSJjJs/A5lI="
    },
    "powerbi-visuals-utils-dataviewutils": {
      "version": "1.0.1",
      "resolved": "https://registry.npmjs.org/powerbi-visuals-utils-dataviewutils/-/powerbi-visuals-utils-dataviewutils-1.0.1.tgz",
      "integrity": "sha1-GjN+X6JJ421IvmU+oQkravv81kM=",
      "requires": {
        "lodash": "4.16.2"
      }
    },
    "powerbi-visuals-utils-formattingutils": {
      "version": "0.4.0",
      "resolved": "https://registry.npmjs.org/powerbi-visuals-utils-formattingutils/-/powerbi-visuals-utils-formattingutils-0.4.0.tgz",
      "integrity": "sha1-ERJ+sDZ7tNxyJYrlPAKD1uUHq90=",
      "requires": {
        "d3": "3.5.5",
        "globalize": "0.1.0-a2",
        "jquery": "3.1.1",
        "powerbi-visuals-utils-dataviewutils": "1.0.1",
        "powerbi-visuals-utils-svgutils": "0.2.1",
        "powerbi-visuals-utils-typeutils": "0.2.1"
      },
      "dependencies": {
        "d3": {
          "version": "3.5.5",
          "resolved": "https://registry.npmjs.org/d3/-/d3-3.5.5.tgz",
          "integrity": "sha1-vhq6aoT7ZlMoOz6+u39XDjvaGH4="
        },
        "jquery": {
          "version": "3.1.1",
          "resolved": "https://registry.npmjs.org/jquery/-/jquery-3.1.1.tgz",
          "integrity": "sha1-NHwcIcfgBBFeCk2jLOzgQfrTyKM="
        }
      }
    },
    "powerbi-visuals-utils-svgutils": {
      "version": "0.2.1",
      "resolved": "https://registry.npmjs.org/powerbi-visuals-utils-svgutils/-/powerbi-visuals-utils-svgutils-0.2.1.tgz",
      "integrity": "sha1-sMN9wPnX3jYZ6VqohjZt2lfTdcM=",
      "requires": {
        "d3": "3.5.5",
        "powerbi-visuals-utils-typeutils": "^0.2.0"
      },
      "dependencies": {
        "d3": {
          "version": "3.5.5",
          "resolved": "https://registry.npmjs.org/d3/-/d3-3.5.5.tgz",
          "integrity": "sha1-vhq6aoT7ZlMoOz6+u39XDjvaGH4="
        }
      }
    },
    "powerbi-visuals-utils-typeutils": {
      "version": "0.2.1",
      "resolved": "https://registry.npmjs.org/powerbi-visuals-utils-typeutils/-/powerbi-visuals-utils-typeutils-0.2.1.tgz",
      "integrity": "sha1-4TDJbzrbIa8wp8GYDeDoyaf88hI=",
      "requires": {
        "lodash": "4.16.2"
      }
    }
  }
}
