{
  "name": "visual",
  "requires": true,
  "lockfileVersion": 1,
  "dependencies": {
    "@types/d3": {
      "version": "3.5.40",
      "resolved": "https://registry.npmjs.org/@types/d3/-/d3-3.5.40.tgz",
      "integrity": "sha512-GrJeI6Yg6uCIYRtWlMGxDtgsKSs2aMW0edrO/GJk+O7y4iayn8lEoHAn50wkjb9voRq9JimhCN/FIXLzAxkCoA==",
      "dev": true
    },
    "d3": {
      "version": "3.5.17",
      "resolved": "https://registry.npmjs.org/d3/-/d3-3.5.17.tgz",
      "integrity": "sha1-vEZ0gAQ3iyGjYMn8fPUjF5B2L7g=",
      "dev": true
    },
    "globalize": {
      "version": "0.1.0-a2",
      "resolved": "https://registry.npmjs.org/globalize/-/globalize-0.1.0a2.tgz",
      "integrity": "sha1-fyizguvv2boMs9gDY1+7pkqH8pQ=",
      "dev": true
    },
    "powerbi-visuals-utils-dataviewutils": {
      "version": "1.2.0",
      "resolved": "https://registry.npmjs.org/powerbi-visuals-utils-dataviewutils/-/powerbi-visuals-utils-dataviewutils-1.2.0.tgz",
      "integrity": "sha1-WaHJgzVclYoj2ZAYlPZfFXUZMhM="
    },
    "powerbi-visuals-utils-formattingutils": {
      "version": "3.0.1",
      "resolved": "https://registry.npmjs.org/powerbi-visuals-utils-formattingutils/-/powerbi-visuals-utils-formattingutils-3.0.1.tgz",
      "integrity": "sha1-Q9/3nqwl4sk3Oh137v+/8tCff+4=",
      "dev": true,
      "requires": {
        "globalize": "0.1.0-a2",
        "powerbi-visuals-utils-dataviewutils": "1.2.0",
        "powerbi-visuals-utils-typeutils": "1.1.0"
      }
    },
    "powerbi-visuals-utils-typeutils": {
      "version": "1.1.0",
      "resolved": "https://registry.npmjs.org/powerbi-visuals-utils-typeutils/-/powerbi-visuals-utils-typeutils-1.1.0.tgz",
      "integrity": "sha1-NHlC5YGHNwDaVe//UTamk6dt+bI=",
      "dev": true
    }
  }
}
