
Microsoft Visual Studio Solution File, Format Version 12.00
# Visual Studio 15
VisualStudioVersion = 15.0.28307.572
MinimumVisualStudioVersion = 10.0.40219.1
Project("{FAE04EC0-301F-11D3-BF4B-00C04F79EFBC}") = "PowerBiServiceApp1", "PowerBiServiceApp1\PowerBiServiceApp1.csproj", "{9BCBFFA8-4620-4FEA-91A2-8F642BC25265}"
EndProject
Global
	GlobalSection(SolutionConfigurationPlatforms) = preSolution
		Debug|Any CPU = Debug|Any CPU
		Release|Any CPU = Release|Any CPU
	EndGlobalSection
	GlobalSection(ProjectConfigurationPlatforms) = postSolution
		{9BCBFFA8-4620-4FEA-91A2-8F642BC25265}.Debug|Any CPU.ActiveCfg = Debug|Any CPU
		{9BCBFFA8-4620-4FEA-91A2-8F642BC25265}.Debug|Any CPU.Build.0 = Debug|Any CPU
		{9BCBFFA8-4620-4FEA-91A2-8F642BC25265}.Release|Any CPU.ActiveCfg = Release|Any CPU
		{9BCBFFA8-4620-4FEA-91A2-8F642BC25265}.Release|Any CPU.Build.0 = Release|Any CPU
	EndGlobalSection
	GlobalSection(SolutionProperties) = preSolution
		HideSolutionNode = FALSE
	EndGlobalSection
	GlobalSection(ExtensibilityGlobals) = postSolution
		SolutionGuid = {01C7A183-BB2E-4508-BDCC-7DCBF9636A9C}
	EndGlobalSection
EndGlobal
